
Microsoft Visual Studio Solution File, Format Version 12.00
# Visual Studio Version 17
VisualStudioVersion = 17.11.35327.3
MinimumVisualStudioVersion = 10.0.40219.1
Project("{FAE04EC0-301F-11D3-BF4B-00C04F79EFBC}") = "Dados", "Dados\Dados.csproj", "{A70319EA-FD99-4405-89AA-06F070584F29}"
EndProject
Global
	GlobalSection(SolutionConfigurationPlatforms) = preSolution
		Debug|Any CPU = Debug|Any CPU
		Release|Any CPU = Release|Any CPU
	EndGlobalSection
	GlobalSection(ProjectConfigurationPlatforms) = postSolution
		{A70319EA-FD99-4405-89AA-06F070584F29}.Debug|Any CPU.ActiveCfg = Debug|Any CPU
		{A70319EA-FD99-4405-89AA-06F070584F29}.Debug|Any CPU.Build.0 = Debug|Any CPU
		{A70319EA-FD99-4405-89AA-06F070584F29}.Release|Any CPU.ActiveCfg = Release|Any CPU
		{A70319EA-FD99-4405-89AA-06F070584F29}.Release|Any CPU.Build.0 = Release|Any CPU
	EndGlobalSection
	GlobalSection(SolutionProperties) = preSolution
		HideSolutionNode = FALSE
	EndGlobalSection
	GlobalSection(ExtensibilityGlobals) = postSolution
		SolutionGuid = {899EF787-B717-47F9-858F-3DEE6841A42F}
	EndGlobalSection
EndGlobal
